{
  "lib/forge-std": {
    "tag": {
      "name": "v1.14.0",
      "rev": "1801b0541f4fda118a10798fd3486bb7051c5dd6"
    }
  },
  "lib/openzeppelin-contracts": {
    "tag": {
      "name": "v5.5.0",
      "rev": "fcbae5394ae8ad52d8e580a3477db99814b9d565"
    }
  },
  "lib/openzeppelin-contracts-upgradeable": {
    "tag": {
      "name": "v5.5.0",
      "rev": "aa677e9d28ed78fc427ec47ba2baef2030c58e7c"
    }
  },
  "lib/openzeppelin-foundry-upgrades": {
    "tag": {
      "name": "v0.4.0",
      "rev": "cbce1e00305e943aa1661d43f41e5ac72c662b07"
    }
  },
  "lib/risc0-ethereum": {
    "tag": {
      "name": "v3.0.1",
      "rev": "365e7b2db4f620fa256580c27558d2623362b9ae"
    }
  },
  "lib/solmate": {
    "rev": "89365b880c4f3c786bdd453d4b8e8fe410344a69"
  },
  "lib/steel": {
    "tag": {
      "name": "v2.4.2",
      "rev": "413f3598caf1b2368755553527e55bf0c4d035b4"
    }
  },
  "lib/zkc": {
    "rev": "9cf057e378ad6375505af21d0fc072885b602924"
  }
}